// !$*UTF8*$!
{
	archiveVersion = 1;
	classes = {
	};
	objectVersion = 48;
	objects = {

/* Begin PBXBuildFile section */
		615C48451C48697FC28AD5EE /* libPods-BookSouls.a in Frameworks */ = {isa = PBXBuildFile; fileRef = 8709803AC4C5C551F640285C /* libPods-BookSouls.a */; };
		B823AE8E1F94AE7300568820 /* AppDelegate.m in Sources */ = {isa = PBXBuildFile; fileRef = B823AE8D1F94AE7300568820 /* AppDelegate.m */; };
		B823AE911F94AE7300568820 /* ViewController.m in Sources */ = {isa = PBXBuildFile; fileRef = B823AE901F94AE7300568820 /* ViewController.m */; };
		B823AE941F94AE7300568820 /* Main.storyboard in Resources */ = {isa = PBXBuildFile; fileRef = B823AE921F94AE7300568820 /* Main.storyboard */; };
		B823AE961F94AE7300568820 /* Assets.xcassets in Resources */ = {isa = PBXBuildFile; fileRef = B823AE951F94AE7300568820 /* Assets.xcassets */; };
		B823AE991F94AE7300568820 /* LaunchScreen.storyboard in Resources */ = {isa = PBXBuildFile; fileRef = B823AE971F94AE7300568820 /* LaunchScreen.storyboard */; };
		B823AE9C1F94AE7300568820 /* main.m in Sources */ = {isa = PBXBuildFile; fileRef = B823AE9B1F94AE7300568820 /* main.m */; };
/* End PBXBuildFile section */

/* Begin PBXFileReference section */
		5D70C349DA8D344838F026FB /* Pods-BookSouls.release.xcconfig */ = {isa = PBXFileReference; includeInIndex = 1; lastKnownFileType = text.xcconfig; name = "Pods-BookSouls.release.xcconfig"; path = "Pods/Target Support Files/Pods-BookSouls/Pods-BookSouls.release.xcconfig"; sourceTree = "<group>"; };
		8709803AC4C5C551F640285C /* libPods-BookSouls.a */ = {isa = PBXFileReference; explicitFileType = archive.ar; includeInIndex = 0; path = "libPods-BookSouls.a"; sourceTree = BUILT_PRODUCTS_DIR; };
		8DFCE7AB326CA8858C429DC3 /* Pods-BookSouls.debug.xcconfig */ = {isa = PBXFileReference; includeInIndex = 1; lastKnownFileType = text.xcconfig; name = "Pods-BookSouls.debug.xcconfig"; path = "Pods/Target Support Files/Pods-BookSouls/Pods-BookSouls.debug.xcconfig"; sourceTree = "<group>"; };
		B823AE891F94AE7300568820 /* BookSouls.app */ = {isa = PBXFileReference; explicitFileType = wrapper.application; includeInIndex = 0; path = BookSouls.app; sourceTree = BUILT_PRODUCTS_DIR; };
		B823AE8C1F94AE7300568820 /* AppDelegate.h */ = {isa = PBXFileReference; lastKnownFileType = sourcecode.c.h; path = AppDelegate.h; sourceTree = "<group>"; };
		B823AE8D1F94AE7300568820 /* AppDelegate.m */ = {isa = PBXFileReference; lastKnownFileType = sourcecode.c.objc; path = AppDelegate.m; sourceTree = "<group>"; };
		B823AE8F1F94AE7300568820 /* ViewController.h */ = {isa = PBXFileReference; lastKnownFileType = sourcecode.c.h; path = ViewController.h; sourceTree = "<group>"; };
		B823AE901F94AE7300568820 /* ViewController.m */ = {isa = PBXFileReference; lastKnownFileType = sourcecode.c.objc; path = ViewController.m; sourceTree = "<group>"; };
		B823AE931F94AE7300568820 /* Base */ = {isa = PBXFileReference; lastKnownFileType = file.storyboard; name = Base; path = Base.lproj/Main.storyboard; sourceTree = "<group>"; };
		B823AE951F94AE7300568820 /* Assets.xcassets */ = {isa = PBXFileReference; lastKnownFileType = folder.assetcatalog; path = Assets.xcassets; sourceTree = "<group>"; };
		B823AE981F94AE7300568820 /* Base */ = {isa = PBXFileReference; lastKnownFileType = file.storyboard; name = Base; path = Base.lproj/LaunchScreen.storyboard; sourceTree = "<group>"; };
		B823AE9A1F94AE7300568820 /* Info.plist */ = {isa = PBXFileReference; lastKnownFileType = text.plist.xml; path = Info.plist; sourceTree = "<group>"; };
		B823AE9B1F94AE7300568820 /* main.m */ = {isa = PBXFileReference; lastKnownFileType = sourcecode.c.objc; path = main.m; sourceTree = "<group>"; };
/* End PBXFileReference section */

/* Begin PBXFrameworksBuildPhase section */
		B823AE861F94AE7300568820 /* Frameworks */ = {
			isa = PBXFrameworksBuildPhase;
			buildActionMask = 2147483647;
			files = (
				615C48451C48697FC28AD5EE /* libPods-BookSouls.a in Frameworks */,
			);
			runOnlyForDeploymentPostprocessing = 0;
		};
/* End PBXFrameworksBuildPhase section */

/* Begin PBXGroup section */
		7A5B6F019E6C1B97321A4697 /* Pods */ = {
			isa = PBXGroup;
			children = (
				8DFCE7AB326CA8858C429DC3 /* Pods-BookSouls.debug.xcconfig */,
				5D70C349DA8D344838F026FB /* Pods-BookSouls.release.xcconfig */,
			);
			name = Pods;
			sourceTree = "<group>";
		};
		9C55085190E11B7E4A092B99 /* Frameworks */ = {
			isa = PBXGroup;
			children = (
				8709803AC4C5C551F640285C /* libPods-BookSouls.a */,
			);
			name = Frameworks;
			sourceTree = "<group>";
		};
		B823AE801F94AE7300568820 = {
			isa = PBXGroup;
			children = (
				B823AE8B1F94AE7300568820 /* BookSouls */,
				B823AE8A1F94AE7300568820 /* Products */,
				7A5B6F019E6C1B97321A4697 /* Pods */,
				9C55085190E11B7E4A092B99 /* Frameworks */,
			);
			sourceTree = "<group>";
		};
		B823AE8A1F94AE7300568820 /* Products */ = {
			isa = PBXGroup;
			children = (
				B823AE891F94AE7300568820 /* BookSouls.app */,
			);
			name = Products;
			sourceTree = "<group>";
		};
		B823AE8B1F94AE7300568820 /* BookSouls */ = {
			isa = PBXGroup;
			children = (
				B823AE8C1F94AE7300568820 /* AppDelegate.h */,
				B823AE8D1F94AE7300568820 /* AppDelegate.m */,
				B823AE8F1F94AE7300568820 /* ViewController.h */,
				B823AE901F94AE7300568820 /* ViewController.m */,
				B823AE921F94AE7300568820 /* Main.storyboard */,
				B823AE951F94AE7300568820 /* Assets.xcassets */,
				B823AE971F94AE7300568820 /* LaunchScreen.storyboard */,
				B823AE9A1F94AE7300568820 /* Info.plist */,
				B823AE9B1F94AE7300568820 /* main.m */,
			);
			path = BookSouls;
			sourceTree = "<group>";
		};
/* End PBXGroup section */

/* Begin PBXNativeTarget section */
		B823AE881F94AE7300568820 /* BookSouls */ = {
			isa = PBXNativeTarget;
			buildConfigurationList = B823AE9F1F94AE7300568820 /* Build configuration list for PBXNativeTarget "BookSouls" */;
			buildPhases = (
				1D3BCD538964B67D2C8FA816 /* [CP] Check Pods Manifest.lock */,
				B823AE851F94AE7300568820 /* Sources */,
				B823AE861F94AE7300568820 /* Frameworks */,
				B823AE871F94AE7300568820 /* Resources */,
				F73DF832ADE7AF5FCC41E9B7 /* [CP] Embed Pods Frameworks */,
				148FD9B44604533ED9844AA4 /* [CP] Copy Pods Resources */,
			);
			buildRules = (
			);
			dependencies = (
			);
			name = BookSouls;
			productName = BookSouls;
			productReference = B823AE891F94AE7300568820 /* BookSouls.app */;
			productType = "com.apple.product-type.application";
		};
/* End PBXNativeTarget section */

/* Begin PBXProject section */
		B823AE811F94AE7300568820 /* Project object */ = {
			isa = PBXProject;
			attributes = {
				LastUpgradeCheck = 0900;
				ORGANIZATIONNAME = "Dong Vo";
				TargetAttributes = {
					B823AE881F94AE7300568820 = {
						CreatedOnToolsVersion = 9.0;
						ProvisioningStyle = Automatic;
					};
				};
			};
			buildConfigurationList = B823AE841F94AE7300568820 /* Build configuration list for PBXProject "BookSouls" */;
			compatibilityVersion = "Xcode 8.0";
			developmentRegion = en;
			hasScannedForEncodings = 0;
			knownRegions = (
				en,
				Base,
			);
			mainGroup = B823AE801F94AE7300568820;
			productRefGroup = B823AE8A1F94AE7300568820 /* Products */;
			projectDirPath = "";
			projectRoot = "";
			targets = (
				B823AE881F94AE7300568820 /* BookSouls */,
			);
		};
/* End PBXProject section */

/* Begin PBXResourcesBuildPhase section */
		B823AE871F94AE7300568820 /* Resources */ = {
			isa = PBXResourcesBuildPhase;
			buildActionMask = 2147483647;
			files = (
				B823AE991F94AE7300568820 /* LaunchScreen.storyboard in Resources */,
				B823AE961F94AE7300568820 /* Assets.xcassets in Resources */,
				B823AE941F94AE7300568820 /* Main.storyboard in Resources */,
			);
			runOnlyForDeploymentPostprocessing = 0;
		};
/* End PBXResourcesBuildPhase section */

/* Begin PBXShellScriptBuildPhase section */
		148FD9B44604533ED9844AA4 /* [CP] Copy Pods Resources */ = {
			isa = PBXShellScriptBuildPhase;
			buildActionMask = 2147483647;
			files = (
			);
			inputPaths = (
				"${SRCROOT}/Pods/Target Support Files/Pods-BookSouls/Pods-BookSouls-resources.sh",
				"${PODS_ROOT}/IQKeyboardManager/IQKeyboardManager/Resources/IQKeyboardManager.bundle",
			);
			name = "[CP] Copy Pods Resources";
			outputPaths = (
				"${TARGET_BUILD_DIR}/${UNLOCALIZED_RESOURCES_FOLDER_PATH}",
			);
			runOnlyForDeploymentPostprocessing = 0;
			shellPath = /bin/sh;
			shellScript = "\"${SRCROOT}/Pods/Target Support Files/Pods-BookSouls/Pods-BookSouls-resources.sh\"\n";
			showEnvVarsInLog = 0;
		};
		1D3BCD538964B67D2C8FA816 /* [CP] Check Pods Manifest.lock */ = {
			isa = PBXShellScriptBuildPhase;
			buildActionMask = 2147483647;
			files = (
			);
			inputPaths = (
				"${PODS_PODFILE_DIR_PATH}/Podfile.lock",
				"${PODS_ROOT}/Manifest.lock",
			);
			name = "[CP] Check Pods Manifest.lock";
			outputPaths = (
				"$(DERIVED_FILE_DIR)/Pods-BookSouls-checkManifestLockResult.txt",
			);
			runOnlyForDeploymentPostprocessing = 0;
			shellPath = /bin/sh;
			shellScript = "diff \"${PODS_PODFILE_DIR_PATH}/Podfile.lock\" \"${PODS_ROOT}/Manifest.lock\" > /dev/null\nif [ $? != 0 ] ; then\n    # print error to STDERR\n    echo \"error: The sandbox is not in sync with the Podfile.lock. Run 'pod install' or update your CocoaPods installation.\" >&2\n    exit 1\nfi\n# This output is used by Xcode 'outputs' to avoid re-running this script phase.\necho \"SUCCESS\" > \"${SCRIPT_OUTPUT_FILE_0}\"\n";
			showEnvVarsInLog = 0;
		};
		F73DF832ADE7AF5FCC41E9B7 /* [CP] Embed Pods Frameworks */ = {
			isa = PBXShellScriptBuildPhase;
			buildActionMask = 2147483647;
			files = (
			);
			inputPaths = (
			);
			name = "[CP] Embed Pods Frameworks";
			outputPaths = (
			);
			runOnlyForDeploymentPostprocessing = 0;
			shellPath = /bin/sh;
			shellScript = "\"${SRCROOT}/Pods/Target Support Files/Pods-BookSouls/Pods-BookSouls-frameworks.sh\"\n";
			showEnvVarsInLog = 0;
		};
/* End PBXShellScriptBuildPhase section */

/* Begin PBXSourcesBuildPhase section */
		B823AE851F94AE7300568820 /* Sources */ = {
			isa = PBXSourcesBuildPhase;
			buildActionMask = 2147483647;
			files = (
				B823AE911F94AE7300568820 /* ViewController.m in Sources */,
				B823AE9C1F94AE7300568820 /* main.m in Sources */,
				B823AE8E1F94AE7300568820 /* AppDelegate.m in Sources */,
			);
			runOnlyForDeploymentPostprocessing = 0;
		};
/* End PBXSourcesBuildPhase section */

/* Begin PBXVariantGroup section */
		B823AE921F94AE7300568820 /* Main.storyboard */ = {
			isa = PBXVariantGroup;
			children = (
				B823AE931F94AE7300568820 /* Base */,
			);
			name = Main.storyboard;
			sourceTree = "<group>";
		};
		B823AE971F94AE7300568820 /* LaunchScreen.storyboard */ = {
			isa = PBXVariantGroup;
			children = (
				B823AE981F94AE7300568820 /* Base */,
			);
			name = LaunchScreen.storyboard;
			sourceTree = "<group>";
		};
/* End PBXVariantGroup section */

/* Begin XCBuildConfiguration section */
		B823AE9D1F94AE7300568820 /* Debug */ = {
			isa = XCBuildConfiguration;
			buildSettings = {
				ALWAYS_SEARCH_USER_PATHS = NO;
				CLANG_ANALYZER_NONNULL = YES;
				CLANG_ANALYZER_NUMBER_OBJECT_CONVERSION = YES_AGGRESSIVE;
				CLANG_CXX_LANGUAGE_STANDARD = "gnu++14";
				CLANG_CXX_LIBRARY = "libc++";
				CLANG_ENABLE_MODULES = YES;
				CLANG_ENABLE_OBJC_ARC = YES;
				CLANG_WARN_BLOCK_CAPTURE_AUTORELEASING = YES;
				CLANG_WARN_BOOL_CONVERSION = YES;
				CLANG_WARN_COMMA = YES;
				CLANG_WARN_CONSTANT_CONVERSION = YES;
				CLANG_WARN_DIRECT_OBJC_ISA_USAGE = YES_ERROR;
				CLANG_WARN_DOCUMENTATION_COMMENTS = YES;
				CLANG_WARN_EMPTY_BODY = YES;
				CLANG_WARN_ENUM_CONVERSION = YES;
				CLANG_WARN_INFINITE_RECURSION = YES;
				CLANG_WARN_INT_CONVERSION = YES;
				CLANG_WARN_NON_LITERAL_NULL_CONVERSION = YES;
				CLANG_WARN_OBJC_LITERAL_CONVERSION = YES;
				CLANG_WARN_OBJC_ROOT_CLASS = YES_ERROR;
				CLANG_WARN_RANGE_LOOP_ANALYSIS = YES;
				CLANG_WARN_STRICT_PROTOTYPES = YES;
				CLANG_WARN_SUSPICIOUS_MOVE = YES;
				CLANG_WARN_UNGUARDED_AVAILABILITY = YES_AGGRESSIVE;
				CLANG_WARN_UNREACHABLE_CODE = YES;
				CLANG_WARN__DUPLICATE_METHOD_MATCH = YES;
				CODE_SIGN_IDENTITY = "iPhone Developer";
				COPY_PHASE_STRIP = NO;
				DEBUG_INFORMATION_FORMAT = dwarf;
				ENABLE_STRICT_OBJC_MSGSEND = YES;
				ENABLE_TESTABILITY = YES;
				GCC_C_LANGUAGE_STANDARD = gnu11;
				GCC_DYNAMIC_NO_PIC = NO;
				GCC_NO_COMMON_BLOCKS = YES;
				GCC_OPTIMIZATION_LEVEL = 0;
				GCC_PREPROCESSOR_DEFINITIONS = (
					"DEBUG=1",
					"$(inherited)",
				);
				GCC_WARN_64_TO_32_BIT_CONVERSION = YES;
				GCC_WARN_ABOUT_RETURN_TYPE = YES_ERROR;
				GCC_WARN_UNDECLARED_SELECTOR = YES;
				GCC_WARN_UNINITIALIZED_AUTOS = YES_AGGRESSIVE;
				GCC_WARN_UNUSED_FUNCTION = YES;
				GCC_WARN_UNUSED_VARIABLE = YES;
				IPHONEOS_DEPLOYMENT_TARGET = 9.0;
				MTL_ENABLE_DEBUG_INFO = YES;
				ONLY_ACTIVE_ARCH = YES;
				SDKROOT = iphoneos;
			};
			name = Debug;
		};
		B823AE9E1F94AE7300568820 /* Release */ = {
			isa = XCBuildConfiguration;
			buildSettings = {
				ALWAYS_SEARCH_USER_PATHS = NO;
				CLANG_ANALYZER_NONNULL = YES;
				CLANG_ANALYZER_NUMBER_OBJECT_CONVERSION = YES_AGGRESSIVE;
				CLANG_CXX_LANGUAGE_STANDARD = "gnu++14";
				CLANG_CXX_LIBRARY = "libc++";
				CLANG_ENABLE_MODULES = YES;
				CLANG_ENABLE_OBJC_ARC = YES;
				CLANG_WARN_BLOCK_CAPTURE_AUTORELEASING = YES;
				CLANG_WARN_BOOL_CONVERSION = YES;
				CLANG_WARN_COMMA = YES;
				CLANG_WARN_CONSTANT_CONVERSION = YES;
				CLANG_WARN_DIRECT_OBJC_ISA_USAGE = YES_ERROR;
				CLANG_WARN_DOCUMENTATION_COMMENTS = YES;
				CLANG_WARN_EMPTY_BODY = YES;
				CLANG_WARN_ENUM_CONVERSION = YES;
				CLANG_WARN_INFINITE_RECURSION = YES;
				CLANG_WARN_INT_CONVERSION = YES;
				CLANG_WARN_NON_LITERAL_NULL_CONVERSION = YES;
				CLANG_WARN_OBJC_LITERAL_CONVERSION = YES;
				CLANG_WARN_OBJC_ROOT_CLASS = YES_ERROR;
				CLANG_WARN_RANGE_LOOP_ANALYSIS = YES;
				CLANG_WARN_STRICT_PROTOTYPES = YES;
				CLANG_WARN_SUSPICIOUS_MOVE = YES;
				CLANG_WARN_UNGUARDED_AVAILABILITY = YES_AGGRESSIVE;
				CLANG_WARN_UNREACHABLE_CODE = YES;
				CLANG_WARN__DUPLICATE_METHOD_MATCH = YES;
				CODE_SIGN_IDENTITY = "iPhone Developer";
				COPY_PHASE_STRIP = NO;
				DEBUG_INFORMATION_FORMAT = "dwarf-with-dsym";
				ENABLE_NS_ASSERTIONS = NO;
				ENABLE_STRICT_OBJC_MSGSEND = YES;
				GCC_C_LANGUAGE_STANDARD = gnu11;
				GCC_NO_COMMON_BLOCKS = YES;
				GCC_WARN_64_TO_32_BIT_CONVERSION = YES;
				GCC_WARN_ABOUT_RETURN_TYPE = YES_ERROR;
				GCC_WARN_UNDECLARED_SELECTOR = YES;
				GCC_WARN_UNINITIALIZED_AUTOS = YES_AGGRESSIVE;
				GCC_WARN_UNUSED_FUNCTION = YES;
				GCC_WARN_UNUSED_VARIABLE = YES;
				IPHONEOS_DEPLOYMENT_TARGET = 9.0;
				MTL_ENABLE_DEBUG_INFO = NO;
				SDKROOT = iphoneos;
				VALIDATE_PRODUCT = YES;
			};
			name = Release;
		};
		B823AEA01F94AE7300568820 /* Debug */ = {
			isa = XCBuildConfiguration;
			baseConfigurationReference = 8DFCE7AB326CA8858C429DC3 /* Pods-BookSouls.debug.xcconfig */;
			buildSettings = {
				ASSETCATALOG_COMPILER_APPICON_NAME = AppIcon;
				CODE_SIGN_STYLE = Automatic;
				INFOPLIST_FILE = BookSouls/Info.plist;
				IPHONEOS_DEPLOYMENT_TARGET = 9.0;
				LD_RUNPATH_SEARCH_PATHS = "$(inherited) @executable_path/Frameworks";
				PRODUCT_BUNDLE_IDENTIFIER = dongvo.dragdrop.BookSouls;
				PRODUCT_NAME = "$(TARGET_NAME)";
				TARGETED_DEVICE_FAMILY = "1,2";
			};
			name = Debug;
		};
		B823AEA11F94AE7300568820 /* Release */ = {
			isa = XCBuildConfiguration;
			baseConfigurationReference = 5D70C349DA8D344838F026FB /* Pods-BookSouls.release.xcconfig */;
			buildSettings = {
				ASSETCATALOG_COMPILER_APPICON_NAME = AppIcon;
				CODE_SIGN_STYLE = Automatic;
				INFOPLIST_FILE = BookSouls/Info.plist;
				IPHONEOS_DEPLOYMENT_TARGET = 9.0;
				LD_RUNPATH_SEARCH_PATHS = "$(inherited) @executable_path/Frameworks";
				PRODUCT_BUNDLE_IDENTIFIER = dongvo.dragdrop.BookSouls;
				PRODUCT_NAME = "$(TARGET_NAME)";
				TARGETED_DEVICE_FAMILY = "1,2";
			};
			name = Release;
		};
/* End XCBuildConfiguration section */

/* Begin XCConfigurationList section */
		B823AE841F94AE7300568820 /* Build configuration list for PBXProject "BookSouls" */ = {
			isa = XCConfigurationList;
			buildConfigurations = (
				B823AE9D1F94AE7300568820 /* Debug */,
				B823AE9E1F94AE7300568820 /* Release */,
			);
			defaultConfigurationIsVisible = 0;
			defaultConfigurationName = Release;
		};
		B823AE9F1F94AE7300568820 /* Build configuration list for PBXNativeTarget "BookSouls" */ = {
			isa = XCConfigurationList;
			buildConfigurations = (
				B823AEA01F94AE7300568820 /* Debug */,
				B823AEA11F94AE7300568820 /* Release */,
			);
			defaultConfigurationIsVisible = 0;
			defaultConfigurationName = Release;
		};
/* End XCConfigurationList section */
	};
	rootObject = B823AE811F94AE7300568820 /* Project object */;
}
